{
  "version": 4,
  "terraform_version": "1.12.2",
  "serial": 290,
  "lineage": "6ad00b06-6750-807a-2903-06c7a8d7c726",
  "outputs": {
    "api_gateway_id": {
      "value": "fe44m0t8ah",
      "type": "string"
    },
    "ecs_cluster_arn": {
      "value": "arn:aws:ecs:us-east-1:203977009513:cluster/report-service-cluster",
      "type": "string"
    },
    "ecs_service_arn": {
      "value": "arn:aws:ecs:us-east-1:203977009513:service/report-service-cluster/report-service",
      "type": "string"
    },
    "lambda_function_name": {
      "value": "report-service-ecs-trigger",
      "type": "string"
    },
    "secrets_manager_arn": {
      "value": "arn:aws:secretsmanager:us-east-1:203977009513:secret:report-service/snowflake-t82S5e",
      "type": "string"
    },
    "snowflake_integration_role_arn": {
      "value": "arn:aws:iam::203977009513:role/report-service-snowflake-integration-role",
      "type": "string"
    },
    "trigger_adhoc_url": {
      "value": "https://fe44m0t8ah.execute-api.us-east-1.amazonaws.com/prod/trigger/adhoc",
      "type": "string"
    },
    "trigger_scheduled_url": {
      "value": "https://fe44m0t8ah.execute-api.us-east-1.amazonaws.com/prod/trigger/scheduled",
      "type": "string"
    }
  },
  "resources": [
    {
      "mode": "data",
      "type": "archive_file",
      "name": "lambda_zip",
      "provider": "provider[\"registry.terraform.io/hashicorp/archive\"]",
      "instances": [
        {
          "schema_version": 0,
          "attributes": {
            "exclude_symlink_directories": null,
            "excludes": null,
            "id": "ef40e0adae9b3f31aba0ec47591fa1f4477fa393",
            "output_base64sha256": "Jt+0ePZP496PC9mcw95yDtEwM5SARa2tyBDYWSpKir8=",
            "output_base64sha512": "TzvXR8D84aKwhqhoj/QBI0fznlxGClkpAdxoBCTOF4QBcB8EjVp0lXgUtdLe4GfC/v55oY18kXjMzgYBYAeHhg==",
            "output_file_mode": null,
            "output_md5": "32682a7e317f703c5d3339b1f8a072be",
            "output_path": "lambda_function.zip",
            "output_sha": "ef40e0adae9b3f31aba0ec47591fa1f4477fa393",
            "output_sha256": "26dfb478f64fe3de8f0bd99cc3de720ed13033948045adadc810d8592a4a8abf",
            "output_sha512": "4f3bd747c0fce1a2b086a8688ff4012347f39e5c460a592901dc680424ce178401701f048d5a74957814b5d2dee067c2fefe79a18d7c9178ccce060160078786",
            "output_size": 1125,
            "source": [
              {
                "content": "import json\nimport boto3\nimport os\nimport logging\n\n# Configure logging\nlogger = logging.getLogger()\nlogger.setLevel(logging.INFO)\n\necs_client = boto3.client('ecs')\n\ndef lambda_handler(event, context):\n    try:\n        # Extract trigger type from the request path or body\n        trigger_type = 'ADHOC'  # Default\n        \n        # Check if trigger type is specified in the path\n        if 'pathParameters' in event and event['pathParameters']:\n            if 'trigger_type' in event['pathParameters']:\n                trigger_type = event['pathParameters']['trigger_type'].upper()\n        \n        # Check if trigger type is in the request body\n        if 'body' in event and event['body']:\n            try:\n                body = json.loads(event['body'])\n                if 'trigger_type' in body:\n                    trigger_type = body['trigger_type'].upper()\n            except json.JSONDecodeError:\n                pass\n        \n        logger.info(f\"Processing {trigger_type} trigger request\")\n        \n        service_arn = os.environ['ECS_SERVICE_ARN']\n        \n        # Extract cluster and service name from ARN\n        # ARN format: arn:aws:ecs:region:account:service/cluster-name/service-name\n        arn_parts = service_arn.split('/')\n        if len(arn_parts) \u003e= 3:\n            cluster_name = arn_parts[-2]\n            service_name = arn_parts[-1]\n        else:\n            # Fallback to default cluster if parsing fails\n            cluster_name = 'default'\n            service_name = service_arn\n        \n        logger.info(f\"Updating ECS service: {service_name} in cluster: {cluster_name}\")\n        \n        # Update service desired count to 1 (wake it up)\n        response = ecs_client.update_service(\n            cluster=cluster_name,\n            service=service_name,\n            desiredCount=1\n        )\n        \n        logger.info(f\"ECS service update response: {response}\")\n        \n        return {\n            'statusCode': 200,\n            'headers': {\n                'Content-Type': 'application/json',\n                'Access-Control-Allow-Origin': '*',\n                'Access-Control-Allow-Methods': 'POST, OPTIONS',\n                'Access-Control-Allow-Headers': 'Content-Type, Authorization'\n            },\n            'body': json.dumps({\n                'message': f'ECS service triggered successfully for {trigger_type} processing',\n                'service': service_arn,\n                'trigger_type': trigger_type,\n                'desired_count': 1,\n                'timestamp': context.aws_request_id\n            })\n        }\n        \n    except Exception as e:\n        logger.error(f\"Error: {str(e)}\", exc_info=True)\n        return {\n            'statusCode': 500,\n            'headers': {\n                'Content-Type': 'application/json'\n            },\n            'body': json.dumps({\n                'error': str(e),\n                'message': 'Failed to trigger ECS service'\n            })\n        }\n",
                "filename": "index.py"
              }
            ],
            "source_content": null,
            "source_content_filename": null,
            "source_dir": null,
            "source_file": null,
            "type": "zip"
          },
          "sensitive_attributes": [],
          "identity_schema_version": 0
        }
      ]
    },
    {
      "mode": "data",
      "type": "aws_caller_identity",
      "name": "current",
      "provider": "provider[\"registry.terraform.io/hashicorp/aws\"]",
      "instances": [
        {
          "schema_version": 0,
          "attributes": {
            "account_id": "203977009513",
            "arn": "arn:aws:iam::203977009513:user/admin_cloud",
            "id": "203977009513",
            "user_id": "AIDAS67P2FFUUS46HYPBG"
          },
          "sensitive_attributes": [],
          "identity_schema_version": 0
        }
      ]
    },
    {
      "mode": "data",
      "type": "aws_region",
      "name": "current",
      "provider": "provider[\"registry.terraform.io/hashicorp/aws\"]",
      "instances": [
        {
          "schema_version": 0,
          "attributes": {
            "description": "US East (N. Virginia)",
            "endpoint": "ec2.us-east-1.amazonaws.com",
            "id": "us-east-1",
            "name": "us-east-1"
          },
          "sensitive_attributes": [],
          "identity_schema_version": 0
        }
      ]
    },
    {
      "mode": "managed",
      "type": "aws_api_gateway_deployment",
      "name": "trigger_deployment",
      "provider": "provider[\"registry.terraform.io/hashicorp/aws\"]",
      "instances": [
        {
          "schema_version": 0,
          "attributes": {
            "canary_settings": [],
            "created_date": "2025-09-12T16:55:19Z",
            "description": "",
            "execution_arn": "arn:aws:execute-api:us-east-1:203977009513:fe44m0t8ah/",
            "id": "8iygrx",
            "invoke_url": "https://fe44m0t8ah.execute-api.us-east-1.amazonaws.com/",
            "rest_api_id": "fe44m0t8ah",
            "stage_description": null,
            "stage_name": null,
            "triggers": {
              "redeployment": "9bc15a875afebc46f64fb34681f5abde4d5dab89"
            },
            "variables": null
          },
          "sensitive_attributes": [],
          "identity_schema_version": 0,
          "private": "bnVsbA==",
          "dependencies": [
            "aws_api_gateway_integration.adhoc_lambda_integration",
            "aws_api_gateway_integration.adhoc_options_integration",
            "aws_api_gateway_integration.scheduled_lambda_integration",
            "aws_api_gateway_method.adhoc_method",
            "aws_api_gateway_method.adhoc_options",
            "aws_api_gateway_method.scheduled_method",
            "aws_api_gateway_resource.adhoc_resource",
            "aws_api_gateway_resource.scheduled_resource",
            "aws_api_gateway_resource.trigger_resource",
            "aws_api_gateway_rest_api.trigger_api",
            "aws_cloudwatch_log_group.lambda_logs",
            "aws_ecs_cluster.report_cluster",
            "aws_iam_role.lambda_role",
            "aws_iam_role_policy_attachment.lambda_basic",
            "aws_lambda_function.trigger_lambda",
            "data.archive_file.lambda_zip",
            "data.aws_caller_identity.current",
            "data.aws_region.current"
          ],
          "create_before_destroy": true
        }
      ]
    },
    {
      "mode": "managed",
      "type": "aws_api_gateway_integration",
      "name": "adhoc_lambda_integration",
      "provider": "provider[\"registry.terraform.io/hashicorp/aws\"]",
      "instances": [
        {
          "schema_version": 0,
          "attributes": {
            "cache_key_parameters": [],
            "cache_namespace": "g8unue",
            "connection_id": "",
            "connection_type": "INTERNET",
            "content_handling": "",
            "credentials": "",
            "http_method": "POST",
            "id": "agi-fe44m0t8ah-g8unue-POST",
            "integration_http_method": "POST",
            "passthrough_behavior": "WHEN_NO_MATCH",
            "request_parameters": {},
            "request_templates": {},
            "resource_id": "g8unue",
            "rest_api_id": "fe44m0t8ah",
            "timeout_milliseconds": 29000,
            "tls_config": [],
            "type": "AWS_PROXY",
            "uri": "arn:aws:apigateway:us-east-1:lambda:path/2015-03-31/functions/arn:aws:lambda:us-east-1:203977009513:function:report-service-ecs-trigger/invocations"
          },
          "sensitive_attributes": [],
          "identity_schema_version": 0,
          "private": "bnVsbA==",
          "dependencies": [
            "aws_api_gateway_method.adhoc_method",
            "aws_api_gateway_resource.adhoc_resource",
            "aws_api_gateway_resource.trigger_resource",
            "aws_api_gateway_rest_api.trigger_api",
            "aws_cloudwatch_log_group.lambda_logs",
            "aws_ecs_cluster.report_cluster",
            "aws_iam_role.lambda_role",
            "aws_iam_role_policy_attachment.lambda_basic",
            "aws_lambda_function.trigger_lambda",
            "data.archive_file.lambda_zip",
            "data.aws_caller_identity.current",
            "data.aws_region.current"
          ],
          "create_before_destroy": true
        }
      ]
    },
    {
      "mode": "managed",
      "type": "aws_api_gateway_integration",
      "name": "adhoc_options_integration",
      "provider": "provider[\"registry.terraform.io/hashicorp/aws\"]",
      "instances": [
        {
          "schema_version": 0,
          "attributes": {
            "cache_key_parameters": [],
            "cache_namespace": "g8unue",
            "connection_id": "",
            "connection_type": "INTERNET",
            "content_handling": "",
            "credentials": "",
            "http_method": "OPTIONS",
            "id": "agi-fe44m0t8ah-g8unue-OPTIONS",
            "integration_http_method": "",
            "passthrough_behavior": "WHEN_NO_MATCH",
            "request_parameters": {},
            "request_templates": {
              "application/json": "{\"statusCode\":200}"
            },
            "resource_id": "g8unue",
            "rest_api_id": "fe44m0t8ah",
            "timeout_milliseconds": 29000,
            "tls_config": [],
            "type": "MOCK",
            "uri": ""
          },
          "sensitive_attributes": [],
          "identity_schema_version": 0,
          "private": "bnVsbA==",
          "dependencies": [
            "aws_api_gateway_method.adhoc_options",
            "aws_api_gateway_resource.adhoc_resource",
            "aws_api_gateway_resource.trigger_resource",
            "aws_api_gateway_rest_api.trigger_api"
          ],
          "create_before_destroy": true
        }
      ]
    },
    {
      "mode": "managed",
      "type": "aws_api_gateway_integration",
      "name": "scheduled_lambda_integration",
      "provider": "provider[\"registry.terraform.io/hashicorp/aws\"]",
      "instances": [
        {
          "schema_version": 0,
          "attributes": {
            "cache_key_parameters": [],
            "cache_namespace": "rpw5ak",
            "connection_id": "",
            "connection_type": "INTERNET",
            "content_handling": "",
            "credentials": "",
            "http_method": "POST",
            "id": "agi-fe44m0t8ah-rpw5ak-POST",
            "integration_http_method": "POST",
            "passthrough_behavior": "WHEN_NO_MATCH",
            "request_parameters": {},
            "request_templates": {},
            "resource_id": "rpw5ak",
            "rest_api_id": "fe44m0t8ah",
            "timeout_milliseconds": 29000,
            "tls_config": [],
            "type": "AWS_PROXY",
            "uri": "arn:aws:apigateway:us-east-1:lambda:path/2015-03-31/functions/arn:aws:lambda:us-east-1:203977009513:function:report-service-ecs-trigger/invocations"
          },
          "sensitive_attributes": [],
          "identity_schema_version": 0,
          "private": "bnVsbA==",
          "dependencies": [
            "aws_api_gateway_method.scheduled_method",
            "aws_api_gateway_resource.scheduled_resource",
            "aws_api_gateway_resource.trigger_resource",
            "aws_api_gateway_rest_api.trigger_api",
            "aws_cloudwatch_log_group.lambda_logs",
            "aws_ecs_cluster.report_cluster",
            "aws_iam_role.lambda_role",
            "aws_iam_role_policy_attachment.lambda_basic",
            "aws_lambda_function.trigger_lambda",
            "data.archive_file.lambda_zip",
            "data.aws_caller_identity.current",
            "data.aws_region.current"
          ],
          "create_before_destroy": true
        }
      ]
    },
    {
      "mode": "managed",
      "type": "aws_api_gateway_integration_response",
      "name": "adhoc_options_integration_response",
      "provider": "provider[\"registry.terraform.io/hashicorp/aws\"]",
      "instances": [
        {
          "schema_version": 0,
          "attributes": {
            "content_handling": "",
            "http_method": "OPTIONS",
            "id": "agir-fe44m0t8ah-g8unue-OPTIONS-200",
            "resource_id": "g8unue",
            "response_parameters": {
              "method.response.header.Access-Control-Allow-Headers": "'Content-Type,X-Amz-Date,Authorization,X-Api-Key,X-Amz-Security-Token'",
              "method.response.header.Access-Control-Allow-Methods": "'POST,OPTIONS'",
              "method.response.header.Access-Control-Allow-Origin": "'*'"
            },
            "response_templates": {},
            "rest_api_id": "fe44m0t8ah",
            "selection_pattern": "",
            "status_code": "200"
          },
          "sensitive_attributes": [],
          "identity_schema_version": 0,
          "private": "bnVsbA==",
          "dependencies": [
            "aws_api_gateway_method.adhoc_options",
            "aws_api_gateway_method_response.adhoc_options_response",
            "aws_api_gateway_resource.adhoc_resource",
            "aws_api_gateway_resource.trigger_resource",
            "aws_api_gateway_rest_api.trigger_api"
          ]
        }
      ]
    },
    {
      "mode": "managed",
      "type": "aws_api_gateway_method",
      "name": "adhoc_method",
      "provider": "provider[\"registry.terraform.io/hashicorp/aws\"]",
      "instances": [
        {
          "schema_version": 0,
          "attributes": {
            "api_key_required": false,
            "authorization": "AWS_IAM",
            "authorization_scopes": [],
            "authorizer_id": "",
            "http_method": "POST",
            "id": "agm-fe44m0t8ah-g8unue-POST",
            "operation_name": "",
            "request_models": {},
            "request_parameters": {},
            "request_validator_id": "",
            "resource_id": "g8unue",
            "rest_api_id": "fe44m0t8ah"
          },
          "sensitive_attributes": [],
          "identity_schema_version": 0,
          "private": "bnVsbA==",
          "dependencies": [
            "aws_api_gateway_resource.adhoc_resource",
            "aws_api_gateway_resource.trigger_resource",
            "aws_api_gateway_rest_api.trigger_api"
          ],
          "create_before_destroy": true
        }
      ]
    },
    {
      "mode": "managed",
      "type": "aws_api_gateway_method",
      "name": "adhoc_options",
      "provider": "provider[\"registry.terraform.io/hashicorp/aws\"]",
      "instances": [
        {
          "schema_version": 0,
          "attributes": {
            "api_key_required": false,
            "authorization": "NONE",
            "authorization_scopes": [],
            "authorizer_id": "",
            "http_method": "OPTIONS",
            "id": "agm-fe44m0t8ah-g8unue-OPTIONS",
            "operation_name": "",
            "request_models": {},
            "request_parameters": {},
            "request_validator_id": "",
            "resource_id": "g8unue",
            "rest_api_id": "fe44m0t8ah"
          },
          "sensitive_attributes": [],
          "identity_schema_version": 0,
          "private": "bnVsbA==",
          "dependencies": [
            "aws_api_gateway_resource.adhoc_resource",
            "aws_api_gateway_resource.trigger_resource",
            "aws_api_gateway_rest_api.trigger_api"
          ],
          "create_before_destroy": true
        }
      ]
    },
    {
      "mode": "managed",
      "type": "aws_api_gateway_method",
      "name": "scheduled_method",
      "provider": "provider[\"registry.terraform.io/hashicorp/aws\"]",
      "instances": [
        {
          "schema_version": 0,
          "attributes": {
            "api_key_required": false,
            "authorization": "AWS_IAM",
            "authorization_scopes": [],
            "authorizer_id": "",
            "http_method": "POST",
            "id": "agm-fe44m0t8ah-rpw5ak-POST",
            "operation_name": "",
            "request_models": {},
            "request_parameters": {},
            "request_validator_id": "",
            "resource_id": "rpw5ak",
            "rest_api_id": "fe44m0t8ah"
          },
          "sensitive_attributes": [],
          "identity_schema_version": 0,
          "private": "bnVsbA==",
          "dependencies": [
            "aws_api_gateway_resource.scheduled_resource",
            "aws_api_gateway_resource.trigger_resource",
            "aws_api_gateway_rest_api.trigger_api"
          ],
          "create_before_destroy": true
        }
      ]
    },
    {
      "mode": "managed",
      "type": "aws_api_gateway_method_response",
      "name": "adhoc_options_response",
      "provider": "provider[\"registry.terraform.io/hashicorp/aws\"]",
      "instances": [
        {
          "schema_version": 0,
          "attributes": {
            "http_method": "OPTIONS",
            "id": "agmr-fe44m0t8ah-g8unue-OPTIONS-200",
            "resource_id": "g8unue",
            "response_models": {},
            "response_parameters": {
              "method.response.header.Access-Control-Allow-Headers": true,
              "method.response.header.Access-Control-Allow-Methods": true,
              "method.response.header.Access-Control-Allow-Origin": true
            },
            "rest_api_id": "fe44m0t8ah",
            "status_code": "200"
          },
          "sensitive_attributes": [],
          "identity_schema_version": 0,
          "private": "bnVsbA==",
          "dependencies": [
            "aws_api_gateway_method.adhoc_options",
            "aws_api_gateway_resource.adhoc_resource",
            "aws_api_gateway_resource.trigger_resource",
            "aws_api_gateway_rest_api.trigger_api"
          ]
        }
      ]
    },
    {
      "mode": "managed",
      "type": "aws_api_gateway_resource",
      "name": "adhoc_resource",
      "provider": "provider[\"registry.terraform.io/hashicorp/aws\"]",
      "instances": [
        {
          "schema_version": 0,
          "attributes": {
            "id": "g8unue",
            "parent_id": "cmfxnw",
            "path": "/trigger/adhoc",
            "path_part": "adhoc",
            "rest_api_id": "fe44m0t8ah"
          },
          "sensitive_attributes": [],
          "identity_schema_version": 0,
          "private": "bnVsbA==",
          "dependencies": [
            "aws_api_gateway_resource.trigger_resource",
            "aws_api_gateway_rest_api.trigger_api"
          ],
          "create_before_destroy": true
        }
      ]
    },
    {
      "mode": "managed",
      "type": "aws_api_gateway_resource",
      "name": "scheduled_resource",
      "provider": "provider[\"registry.terraform.io/hashicorp/aws\"]",
      "instances": [
        {
          "schema_version": 0,
          "attributes": {
            "id": "rpw5ak",
            "parent_id": "cmfxnw",
            "path": "/trigger/scheduled",
            "path_part": "scheduled",
            "rest_api_id": "fe44m0t8ah"
          },
          "sensitive_attributes": [],
          "identity_schema_version": 0,
          "private": "bnVsbA==",
          "dependencies": [
            "aws_api_gateway_resource.trigger_resource",
            "aws_api_gateway_rest_api.trigger_api"
          ],
          "create_before_destroy": true
        }
      ]
    },
    {
      "mode": "managed",
      "type": "aws_api_gateway_resource",
      "name": "trigger_resource",
      "provider": "provider[\"registry.terraform.io/hashicorp/aws\"]",
      "instances": [
        {
          "schema_version": 0,
          "attributes": {
            "id": "cmfxnw",
            "parent_id": "7uhhqgu5ee",
            "path": "/trigger",
            "path_part": "trigger",
            "rest_api_id": "fe44m0t8ah"
          },
          "sensitive_attributes": [],
          "identity_schema_version": 0,
          "private": "bnVsbA==",
          "dependencies": [
            "aws_api_gateway_rest_api.trigger_api"
          ],
          "create_before_destroy": true
        }
      ]
    },
    {
      "mode": "managed",
      "type": "aws_api_gateway_rest_api",
      "name": "trigger_api",
      "provider": "provider[\"registry.terraform.io/hashicorp/aws\"]",
      "instances": [
        {
          "schema_version": 0,
          "attributes": {
            "api_key_source": "HEADER",
            "arn": "arn:aws:apigateway:us-east-1::/restapis/fe44m0t8ah",
            "binary_media_types": [],
            "body": null,
            "created_date": "2025-09-12T16:54:54Z",
            "description": "API for triggering ECS service from Snowflake",
            "disable_execute_api_endpoint": false,
            "endpoint_configuration": [
              {
                "ip_address_type": "ipv4",
                "types": [
                  "REGIONAL"
                ],
                "vpc_endpoint_ids": []
              }
            ],
            "execution_arn": "arn:aws:execute-api:us-east-1:203977009513:fe44m0t8ah",
            "fail_on_warnings": null,
            "id": "fe44m0t8ah",
            "minimum_compression_size": "",
            "name": "report-service-ecs-trigger",
            "parameters": null,
            "policy": "",
            "put_rest_api_mode": null,
            "root_resource_id": "7uhhqgu5ee",
            "tags": {
              "Environment": "production",
              "Name": "report-service-api"
            },
            "tags_all": {
              "Environment": "production",
              "Name": "report-service-api"
            }
          },
          "sensitive_attributes": [],
          "identity_schema_version": 0,
          "private": "bnVsbA==",
          "create_before_destroy": true
        }
      ]
    },
    {
      "mode": "managed",
      "type": "aws_api_gateway_stage",
      "name": "prod",
      "provider": "provider[\"registry.terraform.io/hashicorp/aws\"]",
      "instances": [
        {
          "schema_version": 0,
          "attributes": {
            "access_log_settings": [],
            "arn": "arn:aws:apigateway:us-east-1::/restapis/fe44m0t8ah/stages/prod",
            "cache_cluster_enabled": false,
            "cache_cluster_size": "",
            "canary_settings": [],
            "client_certificate_id": "",
            "deployment_id": "8iygrx",
            "description": "",
            "documentation_version": "",
            "execution_arn": "arn:aws:execute-api:us-east-1:203977009513:fe44m0t8ah/prod",
            "id": "ags-fe44m0t8ah-prod",
            "invoke_url": "https://fe44m0t8ah.execute-api.us-east-1.amazonaws.com/prod",
            "rest_api_id": "fe44m0t8ah",
            "stage_name": "prod",
            "tags": {
              "Environment": "production",
              "Name": "report-service-api-stage"
            },
            "tags_all": {
              "Environment": "production",
              "Name": "report-service-api-stage"
            },
            "variables": {},
            "web_acl_arn": "",
            "xray_tracing_enabled": false
          },
          "sensitive_attributes": [],
          "identity_schema_version": 0,
          "private": "bnVsbA==",
          "dependencies": [
            "aws_api_gateway_deployment.trigger_deployment",
            "aws_api_gateway_integration.adhoc_lambda_integration",
            "aws_api_gateway_integration.adhoc_options_integration",
            "aws_api_gateway_integration.scheduled_lambda_integration",
            "aws_api_gateway_method.adhoc_method",
            "aws_api_gateway_method.adhoc_options",
            "aws_api_gateway_method.scheduled_method",
            "aws_api_gateway_resource.adhoc_resource",
            "aws_api_gateway_resource.scheduled_resource",
            "aws_api_gateway_resource.trigger_resource",
            "aws_api_gateway_rest_api.trigger_api",
            "aws_cloudwatch_log_group.lambda_logs",
            "aws_ecs_cluster.report_cluster",
            "aws_iam_role.lambda_role",
            "aws_iam_role_policy_attachment.lambda_basic",
            "aws_lambda_function.trigger_lambda",
            "data.archive_file.lambda_zip",
            "data.aws_caller_identity.current",
            "data.aws_region.current"
          ]
        }
      ]
    },
    {
      "mode": "managed",
      "type": "aws_cloudwatch_log_group",
      "name": "lambda_logs",
      "provider": "provider[\"registry.terraform.io/hashicorp/aws\"]",
      "instances": [
        {
          "schema_version": 0,
          "attributes": {
            "arn": "arn:aws:logs:us-east-1:203977009513:log-group:/aws/lambda/report-service-ecs-trigger",
            "id": "/aws/lambda/report-service-ecs-trigger",
            "kms_key_id": "",
            "log_group_class": "STANDARD",
            "name": "/aws/lambda/report-service-ecs-trigger",
            "name_prefix": "",
            "retention_in_days": 14,
            "skip_destroy": false,
            "tags": {
              "Environment": "production",
              "Name": "report-service-lambda-logs"
            },
            "tags_all": {
              "Environment": "production",
              "Name": "report-service-lambda-logs"
            }
          },
          "sensitive_attributes": [],
          "identity_schema_version": 0,
          "private": "bnVsbA==",
          "create_before_destroy": true
        }
      ]
    },
    {
      "mode": "managed",
      "type": "aws_cloudwatch_log_group",
      "name": "report_service_logs",
      "provider": "provider[\"registry.terraform.io/hashicorp/aws\"]",
      "instances": [
        {
          "schema_version": 0,
          "attributes": {
            "arn": "arn:aws:logs:us-east-1:203977009513:log-group:/ecs/report-service",
            "id": "/ecs/report-service",
            "kms_key_id": "",
            "log_group_class": "STANDARD",
            "name": "/ecs/report-service",
            "name_prefix": "",
            "retention_in_days": 7,
            "skip_destroy": false,
            "tags": {
              "Environment": "production",
              "Name": "report-service-ecs-logs"
            },
            "tags_all": {
              "Environment": "production",
              "Name": "report-service-ecs-logs"
            }
          },
          "sensitive_attributes": [],
          "identity_schema_version": 0,
          "private": "bnVsbA=="
        }
      ]
    },
    {
      "mode": "managed",
      "type": "aws_ecs_cluster",
      "name": "report_cluster",
      "provider": "provider[\"registry.terraform.io/hashicorp/aws\"]",
      "instances": [
        {
          "schema_version": 0,
          "attributes": {
            "arn": "arn:aws:ecs:us-east-1:203977009513:cluster/report-service-cluster",
            "configuration": [],
            "id": "arn:aws:ecs:us-east-1:203977009513:cluster/report-service-cluster",
            "name": "report-service-cluster",
            "service_connect_defaults": [],
            "setting": [
              {
                "name": "containerInsights",
                "value": "enabled"
              }
            ],
            "tags": {
              "Environment": "production",
              "Name": "report-service-cluster"
            },
            "tags_all": {
              "Environment": "production",
              "Name": "report-service-cluster"
            }
          },
          "sensitive_attributes": [],
          "identity_schema_version": 0,
          "private": "bnVsbA==",
          "create_before_destroy": true
        }
      ]
    },
    {
      "mode": "managed",
      "type": "aws_ecs_service",
      "name": "report_service",
      "provider": "provider[\"registry.terraform.io/hashicorp/aws\"]",
      "instances": [
        {
          "schema_version": 1,
          "attributes": {
            "alarms": [],
            "availability_zone_rebalancing": "DISABLED",
            "capacity_provider_strategy": [],
            "cluster": "arn:aws:ecs:us-east-1:203977009513:cluster/report-service-cluster",
            "deployment_circuit_breaker": [
              {
                "enable": false,
                "rollback": false
              }
            ],
            "deployment_controller": [
              {
                "type": "ECS"
              }
            ],
            "deployment_maximum_percent": 200,
            "deployment_minimum_healthy_percent": 100,
            "desired_count": 0,
            "enable_ecs_managed_tags": false,
            "enable_execute_command": false,
            "force_delete": null,
            "force_new_deployment": null,
            "health_check_grace_period_seconds": 0,
            "iam_role": "/aws-service-role/ecs.amazonaws.com/AWSServiceRoleForECS",
            "id": "arn:aws:ecs:us-east-1:203977009513:service/report-service-cluster/report-service",
            "launch_type": "FARGATE",
            "load_balancer": [],
            "name": "report-service",
            "network_configuration": [
              {
                "assign_public_ip": true,
                "security_groups": [
                  "sg-0d06c07828e1c5f1f"
                ],
                "subnets": [
                  "subnet-0535fa2e0264d0701",
                  "subnet-0c8ae010a9215f951"
                ]
              }
            ],
            "ordered_placement_strategy": [],
            "placement_constraints": [],
            "platform_version": "LATEST",
            "propagate_tags": "NONE",
            "scheduling_strategy": "REPLICA",
            "service_connect_configuration": [],
            "service_registries": [],
            "tags": {
              "Environment": "production",
              "Name": "report-service"
            },
            "tags_all": {
              "Environment": "production",
              "Name": "report-service"
            },
            "task_definition": "arn:aws:ecs:us-east-1:203977009513:task-definition/report-service:8",
            "timeouts": null,
            "triggers": {},
            "volume_configuration": [],
            "vpc_lattice_configurations": [],
            "wait_for_steady_state": false
          },
          "sensitive_attributes": [],
          "identity_schema_version": 0,
          "private": "eyJlMmJmYjczMC1lY2FhLTExZTYtOGY4OC0zNDM2M2JjN2M0YzAiOnsiY3JlYXRlIjoxMjAwMDAwMDAwMDAwLCJkZWxldGUiOjEyMDAwMDAwMDAwMDAsInVwZGF0ZSI6MTIwMDAwMDAwMDAwMH0sInNjaGVtYV92ZXJzaW9uIjoiMSJ9",
          "dependencies": [
            "aws_cloudwatch_log_group.report_service_logs",
            "aws_ecs_cluster.report_cluster",
            "aws_ecs_task_definition.report_task",
            "aws_iam_role.ecs_execution_role",
            "aws_iam_role.ecs_task_role",
            "aws_security_group.ecs_security_group",
            "data.aws_caller_identity.current",
            "data.aws_region.current"
          ]
        }
      ]
    },
    {
      "mode": "managed",
      "type": "aws_ecs_task_definition",
      "name": "report_task",
      "provider": "provider[\"registry.terraform.io/hashicorp/aws\"]",
      "instances": [
        {
          "schema_version": 1,
          "attributes": {
            "arn": "arn:aws:ecs:us-east-1:203977009513:task-definition/report-service:8",
            "arn_without_revision": "arn:aws:ecs:us-east-1:203977009513:task-definition/report-service",
            "container_definitions": "[{\"environment\":[{\"name\":\"AWS_DEFAULT_REGION\",\"value\":\"us-east-1\"},{\"name\":\"ECS_SERVICE_ARN\",\"value\":\"arn:aws:ecs:us-east-1:203977009513:service/report-service-cluster/report-service\"},{\"name\":\"REPORTS_BUCKET\",\"value\":\"oas-report-service-bucket\"},{\"name\":\"SERVICE_MODE\",\"value\":\"TRIGGER_BASED\"},{\"name\":\"SNOWFLAKE_ACCOUNT\",\"value\":\"OILZKIQ-ID94597\"},{\"name\":\"SNOWFLAKE_DATABASE\",\"value\":\"REPORTING_DB\"},{\"name\":\"SNOWFLAKE_SCHEMA\",\"value\":\"CONFIG\"},{\"name\":\"SNOWFLAKE_WAREHOUSE\",\"value\":\"COMPUTE_WH\"}],\"essential\":true,\"image\":\"203977009513.dkr.ecr.us-east-1.amazonaws.com/report-service:latest\",\"logConfiguration\":{\"logDriver\":\"awslogs\",\"options\":{\"awslogs-stream-prefix\":\"ecs\",\"awslogs-group\":\"/ecs/report-service\",\"awslogs-region\":\"us-east-1\"}},\"mountPoints\":[],\"name\":\"report-service\",\"portMappings\":[],\"systemControls\":[],\"volumesFrom\":[]}]",
            "cpu": "1024",
            "enable_fault_injection": false,
            "ephemeral_storage": [],
            "execution_role_arn": "arn:aws:iam::203977009513:role/report-service-ecs-execution-role",
            "family": "report-service",
            "id": "report-service",
            "inference_accelerator": [],
            "ipc_mode": "",
            "memory": "2048",
            "network_mode": "awsvpc",
            "pid_mode": "",
            "placement_constraints": [],
            "proxy_configuration": [],
            "requires_compatibilities": [
              "FARGATE"
            ],
            "revision": 8,
            "runtime_platform": [],
            "skip_destroy": false,
            "tags": {
              "Environment": "production",
              "Name": "report-service-task"
            },
            "tags_all": {
              "Environment": "production",
              "Name": "report-service-task"
            },
            "task_role_arn": "arn:aws:iam::203977009513:role/report-service-ecs-task-role",
            "track_latest": false,
            "volume": []
          },
          "sensitive_attributes": [],
          "identity_schema_version": 0,
          "private": "eyJzY2hlbWFfdmVyc2lvbiI6IjEifQ==",
          "dependencies": [
            "aws_cloudwatch_log_group.report_service_logs",
            "aws_ecs_cluster.report_cluster",
            "aws_iam_role.ecs_execution_role",
            "aws_iam_role.ecs_task_role",
            "data.aws_caller_identity.current",
            "data.aws_region.current"
          ]
        }
      ]
    },
    {
      "mode": "managed",
      "type": "aws_iam_role",
      "name": "ecs_execution_role",
      "provider": "provider[\"registry.terraform.io/hashicorp/aws\"]",
      "instances": [
        {
          "schema_version": 0,
          "attributes": {
            "arn": "arn:aws:iam::203977009513:role/report-service-ecs-execution-role",
            "assume_role_policy": "{\"Statement\":[{\"Action\":\"sts:AssumeRole\",\"Effect\":\"Allow\",\"Principal\":{\"Service\":\"ecs-tasks.amazonaws.com\"}}],\"Version\":\"2012-10-17\"}",
            "create_date": "2025-09-12T16:54:54Z",
            "description": "",
            "force_detach_policies": false,
            "id": "report-service-ecs-execution-role",
            "inline_policy": [
              {
                "name": "SecretsManagerAccess",
                "policy": "{\"Version\":\"2012-10-17\",\"Statement\":[{\"Action\":[\"secretsmanager:GetSecretValue\"],\"Effect\":\"Allow\",\"Resource\":[\"arn:aws:secretsmanager:us-east-1:203977009513:secret:report-service/snowflake/username-DzBdcI\",\"arn:aws:secretsmanager:us-east-1:203977009513:secret:report-service/snowflake/password-30mGYU\"]}]}"
              }
            ],
            "managed_policy_arns": [
              "arn:aws:iam::aws:policy/service-role/AmazonECSTaskExecutionRolePolicy"
            ],
            "max_session_duration": 3600,
            "name": "report-service-ecs-execution-role",
            "name_prefix": "",
            "path": "/",
            "permissions_boundary": "",
            "tags": {
              "Environment": "production",
              "Name": "report-service-ecs-execution-role"
            },
            "tags_all": {
              "Environment": "production",
              "Name": "report-service-ecs-execution-role"
            },
            "unique_id": "AROAS67P2FFUSG5FKCXUY"
          },
          "sensitive_attributes": [],
          "identity_schema_version": 0,
          "private": "bnVsbA=="
        }
      ]
    },
    {
      "mode": "managed",
      "type": "aws_iam_role",
      "name": "ecs_task_role",
      "provider": "provider[\"registry.terraform.io/hashicorp/aws\"]",
      "instances": [
        {
          "schema_version": 0,
          "attributes": {
            "arn": "arn:aws:iam::203977009513:role/report-service-ecs-task-role",
            "assume_role_policy": "{\"Statement\":[{\"Action\":\"sts:AssumeRole\",\"Effect\":\"Allow\",\"Principal\":{\"Service\":\"ecs-tasks.amazonaws.com\"}}],\"Version\":\"2012-10-17\"}",
            "create_date": "2025-09-12T16:54:54Z",
            "description": "",
            "force_detach_policies": false,
            "id": "report-service-ecs-task-role",
            "inline_policy": [
              {
                "name": "CloudWatchAccess",
                "policy": "{\"Version\":\"2012-10-17\",\"Statement\":[{\"Action\":[\"logs:CreateLogStream\",\"logs:PutLogEvents\"],\"Effect\":\"Allow\",\"Resource\":\"arn:aws:logs:us-east-1:203977009513:log-group:/ecs/report-service:*\"}]}"
              },
              {
                "name": "ECSServiceControl",
                "policy": "{\"Version\":\"2012-10-17\",\"Statement\":[{\"Action\":[\"ecs:UpdateService\",\"ecs:DescribeServices\"],\"Effect\":\"Allow\",\"Resource\":\"arn:aws:ecs:us-east-1:203977009513:service/report-service-cluster/report-service\"}]}"
              },
              {
                "name": "S3ReportAccess",
                "policy": "{\"Version\":\"2012-10-17\",\"Statement\":[{\"Action\":[\"s3:PutObject\",\"s3:PutObjectAcl\",\"s3:GetObject\"],\"Effect\":\"Allow\",\"Resource\":\"arn:aws:s3:::oas-report-service-bucket/*\"},{\"Action\":[\"s3:ListBucket\"],\"Effect\":\"Allow\",\"Resource\":\"arn:aws:s3:::oas-report-service-bucket\"}]}"
              }
            ],
            "managed_policy_arns": [],
            "max_session_duration": 3600,
            "name": "report-service-ecs-task-role",
            "name_prefix": "",
            "path": "/",
            "permissions_boundary": "",
            "tags": {
              "Environment": "production",
              "Name": "report-service-ecs-task-role"
            },
            "tags_all": {
              "Environment": "production",
              "Name": "report-service-ecs-task-role"
            },
            "unique_id": "AROAS67P2FFUXYJQOEOYE"
          },
          "sensitive_attributes": [],
          "identity_schema_version": 0,
          "private": "bnVsbA=="
        }
      ]
    },
    {
      "mode": "managed",
      "type": "aws_iam_role",
      "name": "lambda_role",
      "provider": "provider[\"registry.terraform.io/hashicorp/aws\"]",
      "instances": [
        {
          "schema_version": 0,
          "attributes": {
            "arn": "arn:aws:iam::203977009513:role/report-service-ecs-trigger-lambda-role",
            "assume_role_policy": "{\"Statement\":[{\"Action\":\"sts:AssumeRole\",\"Effect\":\"Allow\",\"Principal\":{\"Service\":\"lambda.amazonaws.com\"}}],\"Version\":\"2012-10-17\"}",
            "create_date": "2025-09-12T16:54:54Z",
            "description": "",
            "force_detach_policies": false,
            "id": "report-service-ecs-trigger-lambda-role",
            "inline_policy": [
              {
                "name": "ECSServiceUpdate",
                "policy": "{\"Version\":\"2012-10-17\",\"Statement\":[{\"Action\":[\"ecs:UpdateService\",\"ecs:DescribeServices\"],\"Effect\":\"Allow\",\"Resource\":\"arn:aws:ecs:us-east-1:203977009513:service/report-service-cluster/report-service\"}]}"
              }
            ],
            "managed_policy_arns": [
              "arn:aws:iam::aws:policy/service-role/AWSLambdaBasicExecutionRole"
            ],
            "max_session_duration": 3600,
            "name": "report-service-ecs-trigger-lambda-role",
            "name_prefix": "",
            "path": "/",
            "permissions_boundary": "",
            "tags": {
              "Environment": "production",
              "Name": "report-service-lambda-role"
            },
            "tags_all": {
              "Environment": "production",
              "Name": "report-service-lambda-role"
            },
            "unique_id": "AROAS67P2FFU2IQE5BEYN"
          },
          "sensitive_attributes": [],
          "identity_schema_version": 0,
          "private": "bnVsbA==",
          "create_before_destroy": true
        }
      ]
    },
    {
      "mode": "managed",
      "type": "aws_iam_role",
      "name": "snowflake_integration_role",
      "provider": "provider[\"registry.terraform.io/hashicorp/aws\"]",
      "instances": [
        {
          "schema_version": 0,
          "attributes": {
            "arn": "arn:aws:iam::203977009513:role/report-service-snowflake-integration-role",
            "assume_role_policy": "{\"Statement\":[{\"Action\":\"sts:AssumeRole\",\"Condition\":{\"StringEquals\":{\"sts:ExternalId\":\"ZE37870_SFCRole=23_AXZF9vYp16APwaTYZ0MrX8+N8Pw=\"}},\"Effect\":\"Allow\",\"Principal\":{\"AWS\":\"arn:aws:iam::529587499086:user/wnu31000-s\"}}],\"Version\":\"2012-10-17\"}",
            "create_date": "2025-09-12T16:54:54Z",
            "description": "",
            "force_detach_policies": false,
            "id": "report-service-snowflake-integration-role",
            "inline_policy": [
              {
                "name": "SnowflakeAPIGatewayAccess",
                "policy": "{\"Version\":\"2012-10-17\",\"Statement\":[{\"Action\":[\"execute-api:Invoke\"],\"Effect\":\"Allow\",\"Resource\":\"arn:aws:execute-api:us-east-1:203977009513:fe44m0t8ah/*\"}]}"
              }
            ],
            "managed_policy_arns": [],
            "max_session_duration": 3600,
            "name": "report-service-snowflake-integration-role",
            "name_prefix": "",
            "path": "/",
            "permissions_boundary": "",
            "tags": {
              "Environment": "production",
              "Name": "report-service-snowflake-role"
            },
            "tags_all": {
              "Environment": "production",
              "Name": "report-service-snowflake-role"
            },
            "unique_id": "AROAS67P2FFUUJUELAFNV"
          },
          "sensitive_attributes": [],
          "identity_schema_version": 0,
          "private": "bnVsbA=="
        }
      ]
    },
    {
      "mode": "managed",
      "type": "aws_iam_role_policy",
      "name": "ecs_task_cloudwatch_policy",
      "provider": "provider[\"registry.terraform.io/hashicorp/aws\"]",
      "instances": [
        {
          "schema_version": 0,
          "attributes": {
            "id": "report-service-ecs-task-role:CloudWatchAccess",
            "name": "CloudWatchAccess",
            "name_prefix": "",
            "policy": "{\"Version\":\"2012-10-17\",\"Statement\":[{\"Action\":[\"logs:CreateLogStream\",\"logs:PutLogEvents\"],\"Effect\":\"Allow\",\"Resource\":\"arn:aws:logs:us-east-1:203977009513:log-group:/ecs/report-service:*\"}]}",
            "role": "report-service-ecs-task-role"
          },
          "sensitive_attributes": [],
          "identity_schema_version": 0,
          "private": "bnVsbA==",
          "dependencies": [
            "aws_cloudwatch_log_group.report_service_logs",
            "aws_iam_role.ecs_task_role"
          ]
        }
      ]
    },
    {
      "mode": "managed",
      "type": "aws_iam_role_policy",
      "name": "ecs_task_s3_policy",
      "provider": "provider[\"registry.terraform.io/hashicorp/aws\"]",
      "instances": [
        {
          "schema_version": 0,
          "attributes": {
            "id": "report-service-ecs-task-role:S3ReportAccess",
            "name": "S3ReportAccess",
            "name_prefix": "",
            "policy": "{\"Version\":\"2012-10-17\",\"Statement\":[{\"Action\":[\"s3:PutObject\",\"s3:PutObjectAcl\",\"s3:GetObject\"],\"Effect\":\"Allow\",\"Resource\":\"arn:aws:s3:::oas-report-service-bucket/*\"},{\"Action\":[\"s3:ListBucket\"],\"Effect\":\"Allow\",\"Resource\":\"arn:aws:s3:::oas-report-service-bucket\"}]}",
            "role": "report-service-ecs-task-role"
          },
          "sensitive_attributes": [],
          "identity_schema_version": 0,
          "private": "bnVsbA==",
          "dependencies": [
            "aws_iam_role.ecs_task_role"
          ]
        }
      ]
    },
    {
      "mode": "managed",
      "type": "aws_iam_role_policy",
      "name": "ecs_task_secrets_policy",
      "provider": "provider[\"registry.terraform.io/hashicorp/aws\"]",
      "instances": [
        {
          "schema_version": 0,
          "attributes": {
            "id": "report-service-ecs-task-role:TaskSecretsManagerAccess",
            "name": "TaskSecretsManagerAccess",
            "name_prefix": "",
            "policy": "{\"Version\":\"2012-10-17\",\"Statement\":[{\"Action\":\"secretsmanager:GetSecretValue\",\"Effect\":\"Allow\",\"Resource\":\"arn:aws:secretsmanager:us-east-1:203977009513:secret:report-service/snowflake-t82S5e\"}]}",
            "role": "report-service-ecs-task-role"
          },
          "sensitive_attributes": [],
          "identity_schema_version": 0,
          "private": "bnVsbA==",
          "dependencies": [
            "aws_iam_role.ecs_task_role",
            "aws_secretsmanager_secret.snowflake_creds"
          ]
        }
      ]
    },
    {
      "mode": "managed",
      "type": "aws_iam_role_policy",
      "name": "ecs_task_service_control",
      "provider": "provider[\"registry.terraform.io/hashicorp/aws\"]",
      "instances": [
        {
          "schema_version": 0,
          "attributes": {
            "id": "report-service-ecs-task-role:ECSServiceControl",
            "name": "ECSServiceControl",
            "name_prefix": "",
            "policy": "{\"Version\":\"2012-10-17\",\"Statement\":[{\"Action\":[\"ecs:UpdateService\",\"ecs:DescribeServices\"],\"Effect\":\"Allow\",\"Resource\":\"arn:aws:ecs:us-east-1:203977009513:service/report-service-cluster/report-service\"}]}",
            "role": "report-service-ecs-task-role"
          },
          "sensitive_attributes": [],
          "identity_schema_version": 0,
          "private": "bnVsbA==",
          "dependencies": [
            "aws_ecs_cluster.report_cluster",
            "aws_iam_role.ecs_task_role",
            "data.aws_caller_identity.current",
            "data.aws_region.current"
          ]
        }
      ]
    },
    {
      "mode": "managed",
      "type": "aws_iam_role_policy",
      "name": "lambda_ecs_policy",
      "provider": "provider[\"registry.terraform.io/hashicorp/aws\"]",
      "instances": [
        {
          "schema_version": 0,
          "attributes": {
            "id": "report-service-ecs-trigger-lambda-role:ECSServiceUpdate",
            "name": "ECSServiceUpdate",
            "name_prefix": "",
            "policy": "{\"Version\":\"2012-10-17\",\"Statement\":[{\"Action\":[\"ecs:UpdateService\",\"ecs:DescribeServices\"],\"Effect\":\"Allow\",\"Resource\":\"arn:aws:ecs:us-east-1:203977009513:service/report-service-cluster/report-service\"}]}",
            "role": "report-service-ecs-trigger-lambda-role"
          },
          "sensitive_attributes": [],
          "identity_schema_version": 0,
          "private": "bnVsbA==",
          "dependencies": [
            "aws_ecs_cluster.report_cluster",
            "aws_iam_role.lambda_role",
            "data.aws_caller_identity.current",
            "data.aws_region.current"
          ]
        }
      ]
    },
    {
      "mode": "managed",
      "type": "aws_iam_role_policy",
      "name": "snowflake_api_policy",
      "provider": "provider[\"registry.terraform.io/hashicorp/aws\"]",
      "instances": [
        {
          "schema_version": 0,
          "attributes": {
            "id": "report-service-snowflake-integration-role:SnowflakeAPIGatewayAccess",
            "name": "SnowflakeAPIGatewayAccess",
            "name_prefix": "",
            "policy": "{\"Version\":\"2012-10-17\",\"Statement\":[{\"Action\":[\"execute-api:Invoke\"],\"Effect\":\"Allow\",\"Resource\":\"arn:aws:execute-api:us-east-1:203977009513:fe44m0t8ah/*\"}]}",
            "role": "report-service-snowflake-integration-role"
          },
          "sensitive_attributes": [],
          "identity_schema_version": 0,
          "private": "bnVsbA==",
          "dependencies": [
            "aws_api_gateway_rest_api.trigger_api",
            "aws_iam_role.snowflake_integration_role"
          ]
        }
      ]
    },
    {
      "mode": "managed",
      "type": "aws_iam_role_policy_attachment",
      "name": "ecs_execution_role_policy",
      "provider": "provider[\"registry.terraform.io/hashicorp/aws\"]",
      "instances": [
        {
          "schema_version": 0,
          "attributes": {
            "id": "report-service-ecs-execution-role-20250912165456644200000006",
            "policy_arn": "arn:aws:iam::aws:policy/service-role/AmazonECSTaskExecutionRolePolicy",
            "role": "report-service-ecs-execution-role"
          },
          "sensitive_attributes": [],
          "identity_schema_version": 0,
          "private": "bnVsbA==",
          "dependencies": [
            "aws_iam_role.ecs_execution_role"
          ]
        }
      ]
    },
    {
      "mode": "managed",
      "type": "aws_iam_role_policy_attachment",
      "name": "lambda_basic",
      "provider": "provider[\"registry.terraform.io/hashicorp/aws\"]",
      "instances": [
        {
          "schema_version": 0,
          "attributes": {
            "id": "report-service-ecs-trigger-lambda-role-20250912165457133300000007",
            "policy_arn": "arn:aws:iam::aws:policy/service-role/AWSLambdaBasicExecutionRole",
            "role": "report-service-ecs-trigger-lambda-role"
          },
          "sensitive_attributes": [],
          "identity_schema_version": 0,
          "private": "bnVsbA==",
          "dependencies": [
            "aws_iam_role.lambda_role"
          ],
          "create_before_destroy": true
        }
      ]
    },
    {
      "mode": "managed",
      "type": "aws_lambda_function",
      "name": "trigger_lambda",
      "provider": "provider[\"registry.terraform.io/hashicorp/aws\"]",
      "instances": [
        {
          "schema_version": 0,
          "attributes": {
            "architectures": [
              "x86_64"
            ],
            "arn": "arn:aws:lambda:us-east-1:203977009513:function:report-service-ecs-trigger",
            "code_sha256": "Jt+0ePZP496PC9mcw95yDtEwM5SARa2tyBDYWSpKir8=",
            "code_signing_config_arn": "",
            "dead_letter_config": [],
            "description": "",
            "environment": [
              {
                "variables": {
                  "ECS_SERVICE_ARN": "arn:aws:ecs:us-east-1:203977009513:service/report-service-cluster/report-service"
                }
              }
            ],
            "ephemeral_storage": [
              {
                "size": 512
              }
            ],
            "file_system_config": [],
            "filename": "lambda_function.zip",
            "function_name": "report-service-ecs-trigger",
            "handler": "index.lambda_handler",
            "id": "report-service-ecs-trigger",
            "image_config": [],
            "image_uri": "",
            "invoke_arn": "arn:aws:apigateway:us-east-1:lambda:path/2015-03-31/functions/arn:aws:lambda:us-east-1:203977009513:function:report-service-ecs-trigger/invocations",
            "kms_key_arn": "",
            "last_modified": "2025-09-12T16:55:09.235+0000",
            "layers": [],
            "logging_config": [
              {
                "application_log_level": "",
                "log_format": "Text",
                "log_group": "/aws/lambda/report-service-ecs-trigger",
                "system_log_level": ""
              }
            ],
            "memory_size": 128,
            "package_type": "Zip",
            "publish": false,
            "qualified_arn": "arn:aws:lambda:us-east-1:203977009513:function:report-service-ecs-trigger:$LATEST",
            "qualified_invoke_arn": "arn:aws:apigateway:us-east-1:lambda:path/2015-03-31/functions/arn:aws:lambda:us-east-1:203977009513:function:report-service-ecs-trigger:$LATEST/invocations",
            "replace_security_groups_on_destroy": null,
            "replacement_security_group_ids": null,
            "reserved_concurrent_executions": -1,
            "role": "arn:aws:iam::203977009513:role/report-service-ecs-trigger-lambda-role",
            "runtime": "python3.9",
            "s3_bucket": null,
            "s3_key": null,
            "s3_object_version": null,
            "signing_job_arn": "",
            "signing_profile_version_arn": "",
            "skip_destroy": false,
            "snap_start": [],
            "source_code_hash": "Jt+0ePZP496PC9mcw95yDtEwM5SARa2tyBDYWSpKir8=",
            "source_code_size": 1125,
            "tags": {
              "Environment": "production",
              "Name": "report-service-ecs-trigger"
            },
            "tags_all": {
              "Environment": "production",
              "Name": "report-service-ecs-trigger"
            },
            "timeout": 30,
            "timeouts": null,
            "tracing_config": [
              {
                "mode": "PassThrough"
              }
            ],
            "version": "$LATEST",
            "vpc_config": []
          },
          "sensitive_attributes": [],
          "identity_schema_version": 0,
          "private": "eyJlMmJmYjczMC1lY2FhLTExZTYtOGY4OC0zNDM2M2JjN2M0YzAiOnsiY3JlYXRlIjo2MDAwMDAwMDAwMDAsImRlbGV0ZSI6NjAwMDAwMDAwMDAwLCJ1cGRhdGUiOjYwMDAwMDAwMDAwMH19",
          "dependencies": [
            "aws_cloudwatch_log_group.lambda_logs",
            "aws_ecs_cluster.report_cluster",
            "aws_iam_role.lambda_role",
            "aws_iam_role_policy_attachment.lambda_basic",
            "data.archive_file.lambda_zip",
            "data.aws_caller_identity.current",
            "data.aws_region.current"
          ],
          "create_before_destroy": true
        }
      ]
    },
    {
      "mode": "managed",
      "type": "aws_lambda_permission",
      "name": "api_gateway",
      "provider": "provider[\"registry.terraform.io/hashicorp/aws\"]",
      "instances": [
        {
          "schema_version": 0,
          "attributes": {
            "action": "lambda:InvokeFunction",
            "event_source_token": null,
            "function_name": "report-service-ecs-trigger",
            "function_url_auth_type": null,
            "id": "AllowAPIGatewayInvoke",
            "principal": "apigateway.amazonaws.com",
            "principal_org_id": null,
            "qualifier": "",
            "source_account": null,
            "source_arn": "arn:aws:execute-api:us-east-1:203977009513:fe44m0t8ah/*/*",
            "statement_id": "AllowAPIGatewayInvoke",
            "statement_id_prefix": ""
          },
          "sensitive_attributes": [],
          "identity_schema_version": 0,
          "private": "bnVsbA==",
          "dependencies": [
            "aws_api_gateway_rest_api.trigger_api",
            "aws_cloudwatch_log_group.lambda_logs",
            "aws_ecs_cluster.report_cluster",
            "aws_iam_role.lambda_role",
            "aws_iam_role_policy_attachment.lambda_basic",
            "aws_lambda_function.trigger_lambda",
            "data.archive_file.lambda_zip",
            "data.aws_caller_identity.current",
            "data.aws_region.current"
          ]
        }
      ]
    },
    {
      "mode": "managed",
      "type": "aws_secretsmanager_secret",
      "name": "snowflake_creds",
      "provider": "provider[\"registry.terraform.io/hashicorp/aws\"]",
      "instances": [
        {
          "schema_version": 0,
          "attributes": {
            "arn": "arn:aws:secretsmanager:us-east-1:203977009513:secret:report-service/snowflake-t82S5e",
            "description": "Snowflake credentials for report service",
            "force_overwrite_replica_secret": false,
            "id": "arn:aws:secretsmanager:us-east-1:203977009513:secret:report-service/snowflake-t82S5e",
            "kms_key_id": "",
            "name": "report-service/snowflake",
            "name_prefix": "",
            "policy": "",
            "recovery_window_in_days": 30,
            "replica": [],
            "tags": {
              "Environment": "production",
              "Name": "report-service-snowflake-creds"
            },
            "tags_all": {
              "Environment": "production",
              "Name": "report-service-snowflake-creds"
            }
          },
          "sensitive_attributes": [],
          "identity_schema_version": 0,
          "private": "bnVsbA=="
        }
      ]
    },
    {
      "mode": "managed",
      "type": "aws_secretsmanager_secret_version",
      "name": "snowflake_creds",
      "provider": "provider[\"registry.terraform.io/hashicorp/aws\"]",
      "instances": [
        {
          "schema_version": 0,
          "attributes": {
            "arn": "arn:aws:secretsmanager:us-east-1:203977009513:secret:report-service/snowflake-t82S5e",
            "has_secret_string_wo": null,
            "id": "arn:aws:secretsmanager:us-east-1:203977009513:secret:report-service/snowflake-t82S5e|terraform-20250912172337643400000002",
            "secret_binary": "",
            "secret_id": "arn:aws:secretsmanager:us-east-1:203977009513:secret:report-service/snowflake-t82S5e",
            "secret_string": "{\"account\":\"OILZKIQ-ID94597\",\"database\":\"REPORTING_DB\",\"password\":\"your-snowflake-password\",\"schema\":\"CONFIG\",\"user\":\"your-snowflake-username\",\"warehouse\":\"COMPUTE_WH\"}",
            "secret_string_wo": null,
            "secret_string_wo_version": null,
            "version_id": "terraform-20250912172337643400000002",
            "version_stages": [
              "AWSCURRENT"
            ]
          },
          "sensitive_attributes": [
            [
              {
                "type": "get_attr",
                "value": "secret_binary"
              }
            ],
            [
              {
                "type": "get_attr",
                "value": "secret_string"
              }
            ],
            [
              {
                "type": "get_attr",
                "value": "secret_string_wo"
              }
            ]
          ],
          "identity_schema_version": 0,
          "private": "bnVsbA==",
          "dependencies": [
            "aws_secretsmanager_secret.snowflake_creds"
          ]
        }
      ]
    },
    {
      "mode": "managed",
      "type": "aws_security_group",
      "name": "ecs_security_group",
      "provider": "provider[\"registry.terraform.io/hashicorp/aws\"]",
      "instances": [
        {
          "schema_version": 1,
          "attributes": {
            "arn": "arn:aws:ec2:us-east-1:203977009513:security-group/sg-0d06c07828e1c5f1f",
            "description": "Security group for report service ECS tasks",
            "egress": [
              {
                "cidr_blocks": [
                  "0.0.0.0/0"
                ],
                "description": "",
                "from_port": 0,
                "ipv6_cidr_blocks": [],
                "prefix_list_ids": [],
                "protocol": "-1",
                "security_groups": [],
                "self": false,
                "to_port": 0
              }
            ],
            "id": "sg-0d06c07828e1c5f1f",
            "ingress": [],
            "name": "report-service-ecs-20250912165452821500000003",
            "name_prefix": "report-service-ecs-",
            "owner_id": "203977009513",
            "revoke_rules_on_delete": false,
            "tags": {
              "Environment": "production",
              "Name": "report-service-ecs-sg"
            },
            "tags_all": {
              "Environment": "production",
              "Name": "report-service-ecs-sg"
            },
            "timeouts": null,
            "vpc_id": "vpc-00390a7180e3cf3e7"
          },
          "sensitive_attributes": [],
          "identity_schema_version": 0,
          "private": "eyJlMmJmYjczMC1lY2FhLTExZTYtOGY4OC0zNDM2M2JjN2M0YzAiOnsiY3JlYXRlIjo2MDAwMDAwMDAwMDAsImRlbGV0ZSI6OTAwMDAwMDAwMDAwfSwic2NoZW1hX3ZlcnNpb24iOiIxIn0="
        }
      ]
    }
  ],
  "check_results": null
}
